
Microsoft Visual Studio Solution File, Format Version 12.00
# Visual Studio 2015
Project("{FAE04EC0-301F-11D3-BF4B-00C04F79EFBC}") = "Mooc Hero - FPS.Plugins", "Mooc Hero - FPS.Plugins.csproj", "{8F9BFE4C-0843-A23F-E0D7-E07D524EBC9A}"
EndProject
Project("{FAE04EC0-301F-11D3-BF4B-00C04F79EFBC}") = "Mooc Hero - FPS", "Mooc Hero - FPS.csproj", "{F45BFD89-3AA0-89B9-694D-F0E55164F344}"
EndProject
Project("{FAE04EC0-301F-11D3-BF4B-00C04F79EFBC}") = "Mooc Hero - FPS.Editor", "Mooc Hero - FPS.Editor.csproj", "{C3A9614E-A9B1-BBFD-0B4A-C6042AEF36F3}"
EndProject
Global
	GlobalSection(SolutionConfigurationPlatforms) = preSolution
		Debug|Any CPU = Debug|Any CPU
		Release|Any CPU = Release|Any CPU
	EndGlobalSection
	GlobalSection(ProjectConfigurationPlatforms) = postSolution
		{8F9BFE4C-0843-A23F-E0D7-E07D524EBC9A}.Debug|Any CPU.ActiveCfg = Debug|Any CPU
		{8F9BFE4C-0843-A23F-E0D7-E07D524EBC9A}.Debug|Any CPU.Build.0 = Debug|Any CPU
		{8F9BFE4C-0843-A23F-E0D7-E07D524EBC9A}.Release|Any CPU.ActiveCfg = Release|Any CPU
		{8F9BFE4C-0843-A23F-E0D7-E07D524EBC9A}.Release|Any CPU.Build.0 = Release|Any CPU
		{F45BFD89-3AA0-89B9-694D-F0E55164F344}.Debug|Any CPU.ActiveCfg = Debug|Any CPU
		{F45BFD89-3AA0-89B9-694D-F0E55164F344}.Debug|Any CPU.Build.0 = Debug|Any CPU
		{F45BFD89-3AA0-89B9-694D-F0E55164F344}.Release|Any CPU.ActiveCfg = Release|Any CPU
		{F45BFD89-3AA0-89B9-694D-F0E55164F344}.Release|Any CPU.Build.0 = Release|Any CPU
		{C3A9614E-A9B1-BBFD-0B4A-C6042AEF36F3}.Debug|Any CPU.ActiveCfg = Debug|Any CPU
		{C3A9614E-A9B1-BBFD-0B4A-C6042AEF36F3}.Debug|Any CPU.Build.0 = Debug|Any CPU
		{C3A9614E-A9B1-BBFD-0B4A-C6042AEF36F3}.Release|Any CPU.ActiveCfg = Release|Any CPU
		{C3A9614E-A9B1-BBFD-0B4A-C6042AEF36F3}.Release|Any CPU.Build.0 = Release|Any CPU
	EndGlobalSection
	GlobalSection(SolutionProperties) = preSolution
		HideSolutionNode = FALSE
	EndGlobalSection
EndGlobal
